
Microsoft Visual Studio Solution File, Format Version 12.00
# Visual Studio Version 17
VisualStudioVersion = 17.8.34511.84
MinimumVisualStudioVersion = 10.0.40219.1
Project("{9A19103F-16F7-4668-BE54-9A1E7A4F7556}") = "ModularMonolith", "ModularMonolith\ModularMonolith.csproj", "{994C56C4-8986-43CF-AE63-88F01603C4C0}"
EndProject
Project("{2150E333-8FDC-42A3-9474-1A3956D46DE8}") = "API", "API", "{B5178324-89C5-4D29-830D-93B451375951}"
EndProject
Project("{2150E333-8FDC-42A3-9474-1A3956D46DE8}") = "SharedKernels", "SharedKernels", "{CB8F0D72-7AC3-41EE-9D70-93BC430111C4}"
EndProject
Project("{9A19103F-16F7-4668-BE54-9A1E7A4F7556}") = "ModularMonolith.Contract", "SharedKernels\ModularMonolith.Contract\ModularMonolith.Contract.csproj", "{C02A31B8-25BB-4F93-824D-E2FBCC0BF4B3}"
EndProject
Project("{9A19103F-16F7-4668-BE54-9A1E7A4F7556}") = "SharedKernel", "SharedKernels\SharedKernel\SharedKernel.csproj", "{C531AFB0-8CE2-41ED-922A-37544F67A5DE}"
EndProject
Project("{2150E333-8FDC-42A3-9474-1A3956D46DE8}") = "BuildingBlocks", "BuildingBlocks", "{A398BC15-38B7-4FE4-BC18-4D0300B0EF03}"
EndProject
Project("{9A19103F-16F7-4668-BE54-9A1E7A4F7556}") = "BuildingBlocks.Infra.MediatR", "BuildingBlocks\BuildingBlocks.Infra.MediatR\BuildingBlocks.Infra.MediatR.csproj", "{0CDC54BB-570D-4C42-8170-89975F2785DA}"
EndProject
Project("{9A19103F-16F7-4668-BE54-9A1E7A4F7556}") = "BuildingBlocks.Infra.SignalR", "BuildingBlocks\BuildingBlocks.Infra.SignalR\BuildingBlocks.Infra.SignalR.csproj", "{2A1B7136-7423-4AD4-A02B-9527BFCCF26D}"
EndProject
Project("{9A19103F-16F7-4668-BE54-9A1E7A4F7556}") = "BuildingBlocks.Infra.Filters", "BuildingBlocks\BuildingBlocks.Infra.Filters\BuildingBlocks.Infra.Filters.csproj", "{298AC8A6-728F-4488-8A48-833CC772924C}"
EndProject
Project("{9A19103F-16F7-4668-BE54-9A1E7A4F7556}") = "BuildingBlocks.Infra.MiddleWare", "BuildingBlocks\BuildingBlocks.Infra.MiddleWare\BuildingBlocks.Infra.MiddleWare.csproj", "{A9B2A27D-66E1-4600-BD8C-7077E7F5E5A4}"
EndProject
Project("{2150E333-8FDC-42A3-9474-1A3956D46DE8}") = "Modules", "Modules", "{9614B4D9-15BD-4287-9DBB-1F23265F7063}"
EndProject
Project("{2150E333-8FDC-42A3-9474-1A3956D46DE8}") = "VSA", "VSA", "{999FCA8C-7B0A-4249-A87F-3B90E49E3927}"
EndProject
Project("{2150E333-8FDC-42A3-9474-1A3956D46DE8}") = "CA", "CA", "{357EB2E7-F83E-4915-9774-861D1CD9A61D}"
EndProject
Project("{9A19103F-16F7-4668-BE54-9A1E7A4F7556}") = "Modules.CA.EndPoints", "Modules\CA\Modules.CA.EndPoints\Modules.CA.EndPoints.csproj", "{C52CE9C7-43B7-46B6-8FF9-280E89711D0F}"
EndProject
Project("{9A19103F-16F7-4668-BE54-9A1E7A4F7556}") = "Modules.CA.Application", "Modules\CA\Modules.CA.Application\Modules.CA.Application.csproj", "{8E16BDDD-AAE5-48FD-9CF0-C969EBECCE1E}"
EndProject
Project("{9A19103F-16F7-4668-BE54-9A1E7A4F7556}") = "Modules.CA.Domain", "Modules\CA\Modules.CA.Domain\Modules.CA.Domain.csproj", "{E145CBA4-FF75-4143-B610-24140457344F}"
EndProject
Project("{9A19103F-16F7-4668-BE54-9A1E7A4F7556}") = "Modules.CA.Infra", "Modules\CA\Modules.CA.Infra\Modules.CA.Infra.csproj", "{57E9A384-DE82-4E31-886A-9F806435EF5A}"
EndProject
Project("{9A19103F-16F7-4668-BE54-9A1E7A4F7556}") = "Modules.CA.Events", "Modules\CA\Modules.CA.Events\Modules.CA.Events.csproj", "{9E8B2F08-CC23-42A2-8DA8-B460CC21504F}"
EndProject
Project("{9A19103F-16F7-4668-BE54-9A1E7A4F7556}") = "Modules.VSA", "Modules\VSA\Modules.VSA\Modules.VSA.csproj", "{1E21327E-DB12-4F03-8FD3-A49206A37ABA}"
EndProject
Project("{FAE04EC0-301F-11D3-BF4B-00C04F79EFBC}") = "BuildingBlocks.Infra.Swagger", "BuildingBlocks.Infra.Swagger\BuildingBlocks.Infra.Swagger.csproj", "{4C6EB4E7-B372-4B97-8D76-AA06916AA257}"
EndProject
Global
	GlobalSection(SolutionConfigurationPlatforms) = preSolution
		Debug|Any CPU = Debug|Any CPU
		Release|Any CPU = Release|Any CPU
	EndGlobalSection
	GlobalSection(ProjectConfigurationPlatforms) = postSolution
		{994C56C4-8986-43CF-AE63-88F01603C4C0}.Debug|Any CPU.ActiveCfg = Debug|Any CPU
		{994C56C4-8986-43CF-AE63-88F01603C4C0}.Debug|Any CPU.Build.0 = Debug|Any CPU
		{994C56C4-8986-43CF-AE63-88F01603C4C0}.Release|Any CPU.ActiveCfg = Release|Any CPU
		{994C56C4-8986-43CF-AE63-88F01603C4C0}.Release|Any CPU.Build.0 = Release|Any CPU
		{C02A31B8-25BB-4F93-824D-E2FBCC0BF4B3}.Debug|Any CPU.ActiveCfg = Debug|Any CPU
		{C02A31B8-25BB-4F93-824D-E2FBCC0BF4B3}.Debug|Any CPU.Build.0 = Debug|Any CPU
		{C02A31B8-25BB-4F93-824D-E2FBCC0BF4B3}.Release|Any CPU.ActiveCfg = Release|Any CPU
		{C02A31B8-25BB-4F93-824D-E2FBCC0BF4B3}.Release|Any CPU.Build.0 = Release|Any CPU
		{C531AFB0-8CE2-41ED-922A-37544F67A5DE}.Debug|Any CPU.ActiveCfg = Debug|Any CPU
		{C531AFB0-8CE2-41ED-922A-37544F67A5DE}.Debug|Any CPU.Build.0 = Debug|Any CPU
		{C531AFB0-8CE2-41ED-922A-37544F67A5DE}.Release|Any CPU.ActiveCfg = Release|Any CPU
		{C531AFB0-8CE2-41ED-922A-37544F67A5DE}.Release|Any CPU.Build.0 = Release|Any CPU
		{0CDC54BB-570D-4C42-8170-89975F2785DA}.Debug|Any CPU.ActiveCfg = Debug|Any CPU
		{0CDC54BB-570D-4C42-8170-89975F2785DA}.Debug|Any CPU.Build.0 = Debug|Any CPU
		{0CDC54BB-570D-4C42-8170-89975F2785DA}.Release|Any CPU.ActiveCfg = Release|Any CPU
		{0CDC54BB-570D-4C42-8170-89975F2785DA}.Release|Any CPU.Build.0 = Release|Any CPU
		{2A1B7136-7423-4AD4-A02B-9527BFCCF26D}.Debug|Any CPU.ActiveCfg = Debug|Any CPU
		{2A1B7136-7423-4AD4-A02B-9527BFCCF26D}.Debug|Any CPU.Build.0 = Debug|Any CPU
		{2A1B7136-7423-4AD4-A02B-9527BFCCF26D}.Release|Any CPU.ActiveCfg = Release|Any CPU
		{2A1B7136-7423-4AD4-A02B-9527BFCCF26D}.Release|Any CPU.Build.0 = Release|Any CPU
		{298AC8A6-728F-4488-8A48-833CC772924C}.Debug|Any CPU.ActiveCfg = Debug|Any CPU
		{298AC8A6-728F-4488-8A48-833CC772924C}.Debug|Any CPU.Build.0 = Debug|Any CPU
		{298AC8A6-728F-4488-8A48-833CC772924C}.Release|Any CPU.ActiveCfg = Release|Any CPU
		{298AC8A6-728F-4488-8A48-833CC772924C}.Release|Any CPU.Build.0 = Release|Any CPU
		{A9B2A27D-66E1-4600-BD8C-7077E7F5E5A4}.Debug|Any CPU.ActiveCfg = Debug|Any CPU
		{A9B2A27D-66E1-4600-BD8C-7077E7F5E5A4}.Debug|Any CPU.Build.0 = Debug|Any CPU
		{A9B2A27D-66E1-4600-BD8C-7077E7F5E5A4}.Release|Any CPU.ActiveCfg = Release|Any CPU
		{A9B2A27D-66E1-4600-BD8C-7077E7F5E5A4}.Release|Any CPU.Build.0 = Release|Any CPU
		{C52CE9C7-43B7-46B6-8FF9-280E89711D0F}.Debug|Any CPU.ActiveCfg = Debug|Any CPU
		{C52CE9C7-43B7-46B6-8FF9-280E89711D0F}.Debug|Any CPU.Build.0 = Debug|Any CPU
		{C52CE9C7-43B7-46B6-8FF9-280E89711D0F}.Release|Any CPU.ActiveCfg = Release|Any CPU
		{C52CE9C7-43B7-46B6-8FF9-280E89711D0F}.Release|Any CPU.Build.0 = Release|Any CPU
		{8E16BDDD-AAE5-48FD-9CF0-C969EBECCE1E}.Debug|Any CPU.ActiveCfg = Debug|Any CPU
		{8E16BDDD-AAE5-48FD-9CF0-C969EBECCE1E}.Debug|Any CPU.Build.0 = Debug|Any CPU
		{8E16BDDD-AAE5-48FD-9CF0-C969EBECCE1E}.Release|Any CPU.ActiveCfg = Release|Any CPU
		{8E16BDDD-AAE5-48FD-9CF0-C969EBECCE1E}.Release|Any CPU.Build.0 = Release|Any CPU
		{E145CBA4-FF75-4143-B610-24140457344F}.Debug|Any CPU.ActiveCfg = Debug|Any CPU
		{E145CBA4-FF75-4143-B610-24140457344F}.Debug|Any CPU.Build.0 = Debug|Any CPU
		{E145CBA4-FF75-4143-B610-24140457344F}.Release|Any CPU.ActiveCfg = Release|Any CPU
		{E145CBA4-FF75-4143-B610-24140457344F}.Release|Any CPU.Build.0 = Release|Any CPU
		{57E9A384-DE82-4E31-886A-9F806435EF5A}.Debug|Any CPU.ActiveCfg = Debug|Any CPU
		{57E9A384-DE82-4E31-886A-9F806435EF5A}.Debug|Any CPU.Build.0 = Debug|Any CPU
		{57E9A384-DE82-4E31-886A-9F806435EF5A}.Release|Any CPU.ActiveCfg = Release|Any CPU
		{57E9A384-DE82-4E31-886A-9F806435EF5A}.Release|Any CPU.Build.0 = Release|Any CPU
		{9E8B2F08-CC23-42A2-8DA8-B460CC21504F}.Debug|Any CPU.ActiveCfg = Debug|Any CPU
		{9E8B2F08-CC23-42A2-8DA8-B460CC21504F}.Debug|Any CPU.Build.0 = Debug|Any CPU
		{9E8B2F08-CC23-42A2-8DA8-B460CC21504F}.Release|Any CPU.ActiveCfg = Release|Any CPU
		{9E8B2F08-CC23-42A2-8DA8-B460CC21504F}.Release|Any CPU.Build.0 = Release|Any CPU
		{1E21327E-DB12-4F03-8FD3-A49206A37ABA}.Debug|Any CPU.ActiveCfg = Debug|Any CPU
		{1E21327E-DB12-4F03-8FD3-A49206A37ABA}.Debug|Any CPU.Build.0 = Debug|Any CPU
		{1E21327E-DB12-4F03-8FD3-A49206A37ABA}.Release|Any CPU.ActiveCfg = Release|Any CPU
		{1E21327E-DB12-4F03-8FD3-A49206A37ABA}.Release|Any CPU.Build.0 = Release|Any CPU
		{4C6EB4E7-B372-4B97-8D76-AA06916AA257}.Debug|Any CPU.ActiveCfg = Debug|Any CPU
		{4C6EB4E7-B372-4B97-8D76-AA06916AA257}.Debug|Any CPU.Build.0 = Debug|Any CPU
		{4C6EB4E7-B372-4B97-8D76-AA06916AA257}.Release|Any CPU.ActiveCfg = Release|Any CPU
		{4C6EB4E7-B372-4B97-8D76-AA06916AA257}.Release|Any CPU.Build.0 = Release|Any CPU
	EndGlobalSection
	GlobalSection(SolutionProperties) = preSolution
		HideSolutionNode = FALSE
	EndGlobalSection
	GlobalSection(NestedProjects) = preSolution
		{994C56C4-8986-43CF-AE63-88F01603C4C0} = {B5178324-89C5-4D29-830D-93B451375951}
		{C02A31B8-25BB-4F93-824D-E2FBCC0BF4B3} = {CB8F0D72-7AC3-41EE-9D70-93BC430111C4}
		{C531AFB0-8CE2-41ED-922A-37544F67A5DE} = {CB8F0D72-7AC3-41EE-9D70-93BC430111C4}
		{0CDC54BB-570D-4C42-8170-89975F2785DA} = {A398BC15-38B7-4FE4-BC18-4D0300B0EF03}
		{2A1B7136-7423-4AD4-A02B-9527BFCCF26D} = {A398BC15-38B7-4FE4-BC18-4D0300B0EF03}
		{298AC8A6-728F-4488-8A48-833CC772924C} = {A398BC15-38B7-4FE4-BC18-4D0300B0EF03}
		{A9B2A27D-66E1-4600-BD8C-7077E7F5E5A4} = {A398BC15-38B7-4FE4-BC18-4D0300B0EF03}
		{999FCA8C-7B0A-4249-A87F-3B90E49E3927} = {9614B4D9-15BD-4287-9DBB-1F23265F7063}
		{357EB2E7-F83E-4915-9774-861D1CD9A61D} = {9614B4D9-15BD-4287-9DBB-1F23265F7063}
		{C52CE9C7-43B7-46B6-8FF9-280E89711D0F} = {357EB2E7-F83E-4915-9774-861D1CD9A61D}
		{8E16BDDD-AAE5-48FD-9CF0-C969EBECCE1E} = {357EB2E7-F83E-4915-9774-861D1CD9A61D}
		{E145CBA4-FF75-4143-B610-24140457344F} = {357EB2E7-F83E-4915-9774-861D1CD9A61D}
		{57E9A384-DE82-4E31-886A-9F806435EF5A} = {357EB2E7-F83E-4915-9774-861D1CD9A61D}
		{9E8B2F08-CC23-42A2-8DA8-B460CC21504F} = {357EB2E7-F83E-4915-9774-861D1CD9A61D}
		{1E21327E-DB12-4F03-8FD3-A49206A37ABA} = {999FCA8C-7B0A-4249-A87F-3B90E49E3927}
		{4C6EB4E7-B372-4B97-8D76-AA06916AA257} = {A398BC15-38B7-4FE4-BC18-4D0300B0EF03}
	EndGlobalSection
	GlobalSection(ExtensibilityGlobals) = postSolution
		SolutionGuid = {964681C6-29A4-4C50-AED3-A26F30296C98}
	EndGlobalSection
EndGlobal
